PODS:
  - Capacitor (8.0.0-alpha.2):
    - CapacitorCordova
  - CapacitorCamera (8.0.0-alpha.1):
    - Capacitor
  - CapacitorCordova (8.0.0-alpha.2)
  - CapacitorGeolocation (8.0.0-next.3):
    - Capacitor
    - IONGeolocationLib (= 2.0.0)
  - CapacitorSplashScreen (8.0.0-alpha.1):
    - Capacitor
  - IONGeolocationLib (2.0.0)

DEPENDENCIES:
  - "Capacitor (from `../../../../node_modules/.pnpm/@capacitor+ios@8.0.0-alpha.2_@capacitor+core@8.0.0-alpha.2/node_modules/@capacitor/ios`)"
  - "CapacitorCamera (from `../../../../node_modules/.pnpm/@capacitor+camera@8.0.0-alpha.1_@capacitor+core@8.0.0-alpha.2/node_modules/@capacitor/camera`)"
  - "CapacitorCordova (from `../../../../node_modules/.pnpm/@capacitor+ios@8.0.0-alpha.2_@capacitor+core@8.0.0-alpha.2/node_modules/@capacitor/ios`)"
  - CapacitorGeolocation (from `../../../capacitor-plugin`)
  - "CapacitorSplashScreen (from `../../../../node_modules/.pnpm/@capacitor+splash-screen@8.0.0-alpha.1_@capacitor+core@8.0.0-alpha.2/node_modules/@capacitor/splash-screen`)"

SPEC REPOS:
  trunk:
    - IONGeolocationLib

EXTERNAL SOURCES:
  Capacitor:
    :path: "../../../../node_modules/.pnpm/@capacitor+ios@8.0.0-alpha.2_@capacitor+core@8.0.0-alpha.2/node_modules/@capacitor/ios"
  CapacitorCamera:
    :path: "../../../../node_modules/.pnpm/@capacitor+camera@8.0.0-alpha.1_@capacitor+core@8.0.0-alpha.2/node_modules/@capacitor/camera"
  CapacitorCordova:
    :path: "../../../../node_modules/.pnpm/@capacitor+ios@8.0.0-alpha.2_@capacitor+core@8.0.0-alpha.2/node_modules/@capacitor/ios"
  CapacitorGeolocation:
    :path: "../../../capacitor-plugin"
  CapacitorSplashScreen:
    :path: "../../../../node_modules/.pnpm/@capacitor+splash-screen@8.0.0-alpha.1_@capacitor+core@8.0.0-alpha.2/node_modules/@capacitor/splash-screen"

SPEC CHECKSUMS:
  Capacitor: f88db94b173c6d2c97003248197f749674d42dc8
  CapacitorCamera: f072b76519f1a5981becb6caa3ab10c79622ae66
  CapacitorCordova: 9b60d7dd7f5035cefe9b5f7f3edf11ccd93b6ae6
  CapacitorGeolocation: a7b46178fece0f49a7f856e9a678f02adb40d347
  CapacitorSplashScreen: 6a9a07f9b1313faad49dde7bb8f12b7c4fcc3acf
  IONGeolocationLib: a5e40b54edc2ee9902036eda5aaa41ddf07bb68d

PODFILE CHECKSUM: 4965d688d87bbc9772caec9b620016902fb41d32

COCOAPODS: 1.16.2
