PODS:
  - Capacitor (8.0.0-alpha.3):
    - CapacitorCordova
  - CapacitorCamera (8.0.0-alpha.1):
    - Capacitor
  - CapacitorCordova (8.0.0-alpha.3)
  - CapacitorGeolocation (8.0.0-next.3):
    - Capacitor
    - IONGeolocationLib (= 2.0.0)
  - CapacitorSplashScreen (8.0.0-alpha.1):
    - Capacitor
  - IONGeolocationLib (2.0.0)

DEPENDENCIES:
  - "Capacitor (from `../../../../node_modules/.pnpm/@capacitor+ios@8.0.0-alpha.3_@capacitor+core@8.0.0-alpha.3/node_modules/@capacitor/ios`)"
  - "CapacitorCamera (from `../../../../node_modules/.pnpm/@capacitor+camera@8.0.0-alpha.1_@capacitor+core@8.0.0-alpha.3/node_modules/@capacitor/camera`)"
  - "CapacitorCordova (from `../../../../node_modules/.pnpm/@capacitor+ios@8.0.0-alpha.3_@capacitor+core@8.0.0-alpha.3/node_modules/@capacitor/ios`)"
  - "CapacitorGeolocation (from `../../../../node_modules/.pnpm/@capacitor+geolocation@file+packages+capacitor-plugin_@capacitor+core@8.0.0-alpha.3/node_modules/@capacitor/geolocation`)"
  - "CapacitorSplashScreen (from `../../../../node_modules/.pnpm/@capacitor+splash-screen@8.0.0-alpha.1_@capacitor+core@8.0.0-alpha.3/node_modules/@capacitor/splash-screen`)"

SPEC REPOS:
  trunk:
    - IONGeolocationLib

EXTERNAL SOURCES:
  Capacitor:
    :path: "../../../../node_modules/.pnpm/@capacitor+ios@8.0.0-alpha.3_@capacitor+core@8.0.0-alpha.3/node_modules/@capacitor/ios"
  CapacitorCamera:
    :path: "../../../../node_modules/.pnpm/@capacitor+camera@8.0.0-alpha.1_@capacitor+core@8.0.0-alpha.3/node_modules/@capacitor/camera"
  CapacitorCordova:
    :path: "../../../../node_modules/.pnpm/@capacitor+ios@8.0.0-alpha.3_@capacitor+core@8.0.0-alpha.3/node_modules/@capacitor/ios"
  CapacitorGeolocation:
    :path: "../../../../node_modules/.pnpm/@capacitor+geolocation@file+packages+capacitor-plugin_@capacitor+core@8.0.0-alpha.3/node_modules/@capacitor/geolocation"
  CapacitorSplashScreen:
    :path: "../../../../node_modules/.pnpm/@capacitor+splash-screen@8.0.0-alpha.1_@capacitor+core@8.0.0-alpha.3/node_modules/@capacitor/splash-screen"

SPEC CHECKSUMS:
  Capacitor: 91ac12cf2ebfb294c72ad1f7e5b71103a9af6254
  CapacitorCamera: f072b76519f1a5981becb6caa3ab10c79622ae66
  CapacitorCordova: beaf46c43cfd3d28e09c2a8bfcb40d8387e6dd8a
  CapacitorGeolocation: a7b46178fece0f49a7f856e9a678f02adb40d347
  CapacitorSplashScreen: 6a9a07f9b1313faad49dde7bb8f12b7c4fcc3acf
  IONGeolocationLib: a5e40b54edc2ee9902036eda5aaa41ddf07bb68d

PODFILE CHECKSUM: cfc24a34ecf7abf2e5e2d68864e48f68e7e94bb9

COCOAPODS: 1.16.2
